
Microsoft Visual Studio Solution File, Format Version 12.00
# Visual Studio Version 16
VisualStudioVersion = 16.0.28803.156
MinimumVisualStudioVersion = 10.0.40219.1
Project("{FAE04EC0-301F-11D3-BF4B-00C04F79EFBC}") = "lab_11", "lab_11\lab_11.csproj", "{2B7CC050-26B4-42CB-9068-803F164A5AC3}"
EndProject
Global
	GlobalSection(SolutionConfigurationPlatforms) = preSolution
		Debug|Any CPU = Debug|Any CPU
		Release|Any CPU = Release|Any CPU
	EndGlobalSection
	GlobalSection(ProjectConfigurationPlatforms) = postSolution
		{2B7CC050-26B4-42CB-9068-803F164A5AC3}.Debug|Any CPU.ActiveCfg = Debug|Any CPU
		{2B7CC050-26B4-42CB-9068-803F164A5AC3}.Debug|Any CPU.Build.0 = Debug|Any CPU
		{2B7CC050-26B4-42CB-9068-803F164A5AC3}.Release|Any CPU.ActiveCfg = Release|Any CPU
		{2B7CC050-26B4-42CB-9068-803F164A5AC3}.Release|Any CPU.Build.0 = Release|Any CPU
	EndGlobalSection
	GlobalSection(SolutionProperties) = preSolution
		HideSolutionNode = FALSE
	EndGlobalSection
	GlobalSection(ExtensibilityGlobals) = postSolution
		SolutionGuid = {F6148F1B-6DB3-4EB3-A64A-DAE951978431}
	EndGlobalSection
EndGlobal
